[[package]]
name = "appnope"
version = "0.1.3"
summary = "Disable App Nap on macOS >= 10.9"

[[package]]
name = "asgiref"
version = "3.5.2"
requires_python = ">=3.7"
summary = "ASGI specs, helper code, and adapters"

[[package]]
name = "asttokens"
version = "2.0.5"
summary = "Annotate AST trees with source code positions"
dependencies = [
    "six",
]

[[package]]
name = "backcall"
version = "0.2.0"
summary = "Specifications for callback functions passed in to an API"

[[package]]
name = "colorama"
version = "0.4.4"
requires_python = ">=2.7, !=3.0.*, !=3.1.*, !=3.2.*, !=3.3.*, !=3.4.*"
summary = "Cross-platform colored terminal text."

[[package]]
name = "decorator"
version = "5.1.1"
requires_python = ">=3.5"
summary = "Decorators for Humans"

[[package]]
name = "django"
version = "4.0.4"
requires_python = ">=3.8"
summary = "A high-level Python web framework that encourages rapid development and clean, pragmatic design."
dependencies = [
    "asgiref<4,>=3.4.1",
    "sqlparse>=0.2.2",
    "tzdata; sys_platform == \"win32\"",
]

[[package]]
name = "django-environ"
version = "0.8.1"
requires_python = ">=3.4,<4"
summary = "A package that allows you to utilize 12factor inspired environment variables to configure your Django application."

[[package]]
name = "django-filter"
version = "21.1"
requires_python = ">=3.6"
summary = "Django-filter is a reusable Django application for allowing users to filter querysets dynamically."
dependencies = [
    "Django>=2.2",
]

[[package]]
name = "djangorestframework"
version = "3.13.1"
requires_python = ">=3.6"
summary = "Web APIs for Django, made easy."
dependencies = [
    "django>=2.2",
    "pytz",
]

[[package]]
name = "djangorestframework-simplejwt"
version = "5.1.0"
requires_python = ">=3.7"
summary = "A minimal JSON Web Token authentication plugin for Django REST Framework"
dependencies = [
    "django",
    "djangorestframework",
    "pyjwt<3,>=1.7.1",
]

[[package]]
name = "executing"
version = "0.8.3"
summary = "Get the currently executing AST node of a frame, and other information"

[[package]]
name = "flake8"
version = "4.0.1"
requires_python = ">=3.6"
summary = "the modular source code checker: pep8 pyflakes and co"
dependencies = [
    "mccabe<0.7.0,>=0.6.0",
    "pycodestyle<2.9.0,>=2.8.0",
    "pyflakes<2.5.0,>=2.4.0",
]

[[package]]
name = "ipdb"
version = "0.13.9"
requires_python = ">=2.7"
summary = "IPython-enabled pdb"
dependencies = [
    "decorator; python_version > \"3.6\"",
    "ipython>=7.17.0; python_version > \"3.6\"",
    "setuptools",
    "toml>=0.10.2; python_version > \"3.6\"",
]

[[package]]
name = "ipython"
version = "8.3.0"
requires_python = ">=3.8"
summary = "IPython: Productive Interactive Computing"
dependencies = [
    "appnope; sys_platform == \"darwin\"",
    "backcall",
    "colorama; sys_platform == \"win32\"",
    "decorator",
    "jedi>=0.16",
    "matplotlib-inline",
    "pexpect>4.3; sys_platform != \"win32\"",
    "pickleshare",
    "prompt-toolkit!=3.0.0,!=3.0.1,<3.1.0,>=2.0.0",
    "pygments>=2.4.0",
    "setuptools>=18.5",
    "stack-data",
    "traitlets>=5",
]

[[package]]
name = "jedi"
version = "0.18.1"
requires_python = ">=3.6"
summary = "An autocompletion tool for Python that can be used for text editors."
dependencies = [
    "parso<0.9.0,>=0.8.0",
]

[[package]]
name = "matplotlib-inline"
version = "0.1.3"
requires_python = ">=3.5"
summary = "Inline Matplotlib backend for Jupyter"
dependencies = [
    "traitlets",
]

[[package]]
name = "mccabe"
version = "0.6.1"
summary = "McCabe checker, plugin for flake8"

[[package]]
name = "parso"
version = "0.8.3"
requires_python = ">=3.6"
summary = "A Python Parser"

[[package]]
name = "pexpect"
version = "4.8.0"
summary = "Pexpect allows easy control of interactive console applications."
dependencies = [
    "ptyprocess>=0.5",
]

[[package]]
name = "pickleshare"
version = "0.7.5"
summary = "Tiny 'shelve'-like database with concurrency support"

[[package]]
name = "prompt-toolkit"
version = "3.0.29"
requires_python = ">=3.6.2"
summary = "Library for building powerful interactive command lines in Python"
dependencies = [
    "wcwidth",
]

[[package]]
name = "ptyprocess"
version = "0.7.0"
summary = "Run a subprocess in a pseudo terminal"

[[package]]
name = "pure-eval"
version = "0.2.2"
summary = "Safely evaluate AST nodes without side effects"

[[package]]
name = "pycodestyle"
version = "2.8.0"
requires_python = ">=2.7, !=3.0.*, !=3.1.*, !=3.2.*, !=3.3.*, !=3.4.*"
summary = "Python style guide checker"

[[package]]
name = "pyflakes"
version = "2.4.0"
requires_python = ">=2.7, !=3.0.*, !=3.1.*, !=3.2.*, !=3.3.*"
summary = "passive checker of Python programs"

[[package]]
name = "pygments"
version = "2.12.0"
requires_python = ">=3.6"
summary = "Pygments is a syntax highlighting package written in Python."

[[package]]
name = "pyjwt"
version = "2.4.0"
requires_python = ">=3.6"
summary = "JSON Web Token implementation in Python"

[[package]]
name = "pytz"
version = "2022.1"
summary = "World timezone definitions, modern and historical"

[[package]]
name = "setuptools"
version = "62.3.2"
requires_python = ">=3.7"
summary = "Easily download, build, install, upgrade, and uninstall Python packages"

[[package]]
name = "six"
version = "1.16.0"
requires_python = ">=2.7, !=3.0.*, !=3.1.*, !=3.2.*"
summary = "Python 2 and 3 compatibility utilities"

[[package]]
name = "sqlparse"
version = "0.4.2"
requires_python = ">=3.5"
summary = "A non-validating SQL parser."

[[package]]
name = "stack-data"
version = "0.2.0"
summary = "Extract data from python stack frames and tracebacks for informative displays"
dependencies = [
    "asttokens",
    "executing",
    "pure-eval",
]

[[package]]
name = "toml"
version = "0.10.2"
requires_python = ">=2.6, !=3.0.*, !=3.1.*, !=3.2.*"
summary = "Python Library for Tom's Obvious, Minimal Language"

[[package]]
name = "traitlets"
version = "5.2.1.post0"
requires_python = ">=3.7"
summary = ""

[[package]]
name = "tzdata"
version = "2022.1"
requires_python = ">=2"
summary = "Provider of IANA time zone data"

[[package]]
name = "wcwidth"
version = "0.2.5"
summary = "Measures the displayed width of unicode strings in a terminal"

[metadata]
lock_version = "3.1"
content_hash = "sha256:1e04f5164cfeccf8bfc201599ec33688b33f20288c5913d39e9b77112ab7bfd3"

[metadata.files]
"appnope 0.1.3" = [
    {file = "appnope-0.1.3-py2.py3-none-any.whl", hash = "sha256:265a455292d0bd8a72453494fa24df5a11eb18373a60c7c0430889f22548605e"},
    {file = "appnope-0.1.3.tar.gz", hash = "sha256:02bd91c4de869fbb1e1c50aafc4098827a7a54ab2f39d9dcba6c9547ed920e24"},
]
"asgiref 3.5.2" = [
    {file = "asgiref-3.5.2-py3-none-any.whl", hash = "sha256:1d2880b792ae8757289136f1db2b7b99100ce959b2aa57fd69dab783d05afac4"},
    {file = "asgiref-3.5.2.tar.gz", hash = "sha256:4a29362a6acebe09bf1d6640db38c1dc3d9217c68e6f9f6204d72667fc19a424"},
]
"asttokens 2.0.5" = [
    {file = "asttokens-2.0.5-py2.py3-none-any.whl", hash = "sha256:0844691e88552595a6f4a4281a9f7f79b8dd45ca4ccea82e5e05b4bbdb76705c"},
    {file = "asttokens-2.0.5.tar.gz", hash = "sha256:9a54c114f02c7a9480d56550932546a3f1fe71d8a02f1bc7ccd0ee3ee35cf4d5"},
]
"backcall 0.2.0" = [
    {file = "backcall-0.2.0-py2.py3-none-any.whl", hash = "sha256:fbbce6a29f263178a1f7915c1940bde0ec2b2a967566fe1c65c1dfb7422bd255"},
    {file = "backcall-0.2.0.tar.gz", hash = "sha256:5cbdbf27be5e7cfadb448baf0aa95508f91f2bbc6c6437cd9cd06e2a4c215e1e"},
]
"colorama 0.4.4" = [
    {file = "colorama-0.4.4-py2.py3-none-any.whl", hash = "sha256:9f47eda37229f68eee03b24b9748937c7dc3868f906e8ba69fbcbdd3bc5dc3e2"},
    {file = "colorama-0.4.4.tar.gz", hash = "sha256:5941b2b48a20143d2267e95b1c2a7603ce057ee39fd88e7329b0c292aa16869b"},
]
"decorator 5.1.1" = [
    {file = "decorator-5.1.1-py3-none-any.whl", hash = "sha256:b8c3f85900b9dc423225913c5aace94729fe1fa9763b38939a95226f02d37186"},
    {file = "decorator-5.1.1.tar.gz", hash = "sha256:637996211036b6385ef91435e4fae22989472f9d571faba8927ba8253acbc330"},
]
"django 4.0.4" = [
    {file = "Django-4.0.4-py3-none-any.whl", hash = "sha256:07c8638e7a7f548dc0acaaa7825d84b7bd42b10e8d22268b3d572946f1e9b687"},
    {file = "Django-4.0.4.tar.gz", hash = "sha256:4e8177858524417563cc0430f29ea249946d831eacb0068a1455686587df40b5"},
]
"django-environ 0.8.1" = [
    {file = "django_environ-0.8.1-py2.py3-none-any.whl", hash = "sha256:42593bee519a527602a467c7b682aee1a051c2597f98c45f4f4f44169ecdb6e5"},
    {file = "django-environ-0.8.1.tar.gz", hash = "sha256:6f0bc902b43891656b20486938cba0861dc62892784a44919170719572a534cb"},
]
"django-filter 21.1" = [
    {file = "django_filter-21.1-py3-none-any.whl", hash = "sha256:f4a6737a30104c98d2e2a5fb93043f36dd7978e0c7ddc92f5998e85433ea5063"},
    {file = "django-filter-21.1.tar.gz", hash = "sha256:632a251fa8f1aadb4b8cceff932bb52fe2f826dd7dfe7f3eac40e5c463d6836e"},
]
"djangorestframework 3.13.1" = [
    {file = "djangorestframework-3.13.1-py3-none-any.whl", hash = "sha256:24c4bf58ed7e85d1fe4ba250ab2da926d263cd57d64b03e8dcef0ac683f8b1aa"},
    {file = "djangorestframework-3.13.1.tar.gz", hash = "sha256:0c33407ce23acc68eca2a6e46424b008c9c02eceb8cf18581921d0092bc1f2ee"},
]
"djangorestframework-simplejwt 5.1.0" = [
    {file = "djangorestframework_simplejwt-5.1.0-py3-none-any.whl", hash = "sha256:cd3ee3aabdc98de104957c136e74ba2a16571b151c88ecd97421fce171a03ea4"},
    {file = "djangorestframework_simplejwt-5.1.0.tar.gz", hash = "sha256:75323528a7b910843b879194746f0ebc3481c4ad9f354de2dd162160662fb95a"},
]
"executing 0.8.3" = [
    {file = "executing-0.8.3-py2.py3-none-any.whl", hash = "sha256:d1eef132db1b83649a3905ca6dd8897f71ac6f8cac79a7e58a1a09cf137546c9"},
    {file = "executing-0.8.3.tar.gz", hash = "sha256:c6554e21c6b060590a6d3be4b82fb78f8f0194d809de5ea7df1c093763311501"},
]
"flake8 4.0.1" = [
    {file = "flake8-4.0.1-py2.py3-none-any.whl", hash = "sha256:479b1304f72536a55948cb40a32dce8bb0ffe3501e26eaf292c7e60eb5e0428d"},
    {file = "flake8-4.0.1.tar.gz", hash = "sha256:806e034dda44114815e23c16ef92f95c91e4c71100ff52813adf7132a6ad870d"},
]
"ipdb 0.13.9" = [
    {file = "ipdb-0.13.9.tar.gz", hash = "sha256:951bd9a64731c444fd907a5ce268543020086a697f6be08f7cc2c9a752a278c5"},
]
"ipython 8.3.0" = [
    {file = "ipython-8.3.0-py3-none-any.whl", hash = "sha256:341456643a764c28f670409bbd5d2518f9b82c013441084ff2c2fc999698f83b"},
    {file = "ipython-8.3.0.tar.gz", hash = "sha256:807ae3cf43b84693c9272f70368440a9a7eaa2e7e6882dad943c32fbf7e51402"},
]
"jedi 0.18.1" = [
    {file = "jedi-0.18.1-py2.py3-none-any.whl", hash = "sha256:637c9635fcf47945ceb91cd7f320234a7be540ded6f3e99a50cb6febdfd1ba8d"},
    {file = "jedi-0.18.1.tar.gz", hash = "sha256:74137626a64a99c8eb6ae5832d99b3bdd7d29a3850fe2aa80a4126b2a7d949ab"},
]
"matplotlib-inline 0.1.3" = [
    {file = "matplotlib_inline-0.1.3-py3-none-any.whl", hash = "sha256:aed605ba3b72462d64d475a21a9296f400a19c4f74a31b59103d2a99ffd5aa5c"},
    {file = "matplotlib-inline-0.1.3.tar.gz", hash = "sha256:a04bfba22e0d1395479f866853ec1ee28eea1485c1d69a6faf00dc3e24ff34ee"},
]
"mccabe 0.6.1" = [
    {file = "mccabe-0.6.1-py2.py3-none-any.whl", hash = "sha256:ab8a6258860da4b6677da4bd2fe5dc2c659cff31b3ee4f7f5d64e79735b80d42"},
    {file = "mccabe-0.6.1.tar.gz", hash = "sha256:dd8d182285a0fe56bace7f45b5e7d1a6ebcbf524e8f3bd87eb0f125271b8831f"},
]
"parso 0.8.3" = [
    {file = "parso-0.8.3-py2.py3-none-any.whl", hash = "sha256:c001d4636cd3aecdaf33cbb40aebb59b094be2a74c556778ef5576c175e19e75"},
    {file = "parso-0.8.3.tar.gz", hash = "sha256:8c07be290bb59f03588915921e29e8a50002acaf2cdc5fa0e0114f91709fafa0"},
]
"pexpect 4.8.0" = [
    {file = "pexpect-4.8.0-py2.py3-none-any.whl", hash = "sha256:0b48a55dcb3c05f3329815901ea4fc1537514d6ba867a152b581d69ae3710937"},
    {file = "pexpect-4.8.0.tar.gz", hash = "sha256:fc65a43959d153d0114afe13997d439c22823a27cefceb5ff35c2178c6784c0c"},
]
"pickleshare 0.7.5" = [
    {file = "pickleshare-0.7.5-py2.py3-none-any.whl", hash = "sha256:9649af414d74d4df115d5d718f82acb59c9d418196b7b4290ed47a12ce62df56"},
    {file = "pickleshare-0.7.5.tar.gz", hash = "sha256:87683d47965c1da65cdacaf31c8441d12b8044cdec9aca500cd78fc2c683afca"},
]
"prompt-toolkit 3.0.29" = [
    {file = "prompt_toolkit-3.0.29-py3-none-any.whl", hash = "sha256:62291dad495e665fca0bda814e342c69952086afb0f4094d0893d357e5c78752"},
    {file = "prompt_toolkit-3.0.29.tar.gz", hash = "sha256:bd640f60e8cecd74f0dc249713d433ace2ddc62b65ee07f96d358e0b152b6ea7"},
]
"ptyprocess 0.7.0" = [
    {file = "ptyprocess-0.7.0-py2.py3-none-any.whl", hash = "sha256:4b41f3967fce3af57cc7e94b888626c18bf37a083e3651ca8feeb66d492fef35"},
    {file = "ptyprocess-0.7.0.tar.gz", hash = "sha256:5c5d0a3b48ceee0b48485e0c26037c0acd7d29765ca3fbb5cb3831d347423220"},
]
"pure-eval 0.2.2" = [
    {file = "pure_eval-0.2.2-py3-none-any.whl", hash = "sha256:01eaab343580944bc56080ebe0a674b39ec44a945e6d09ba7db3cb8cec289350"},
    {file = "pure_eval-0.2.2.tar.gz", hash = "sha256:2b45320af6dfaa1750f543d714b6d1c520a1688dec6fd24d339063ce0aaa9ac3"},
]
"pycodestyle 2.8.0" = [
    {file = "pycodestyle-2.8.0-py2.py3-none-any.whl", hash = "sha256:720f8b39dde8b293825e7ff02c475f3077124006db4f440dcbc9a20b76548a20"},
    {file = "pycodestyle-2.8.0.tar.gz", hash = "sha256:eddd5847ef438ea1c7870ca7eb78a9d47ce0cdb4851a5523949f2601d0cbbe7f"},
]
"pyflakes 2.4.0" = [
    {file = "pyflakes-2.4.0-py2.py3-none-any.whl", hash = "sha256:3bb3a3f256f4b7968c9c788781e4ff07dce46bdf12339dcda61053375426ee2e"},
    {file = "pyflakes-2.4.0.tar.gz", hash = "sha256:05a85c2872edf37a4ed30b0cce2f6093e1d0581f8c19d7393122da7e25b2b24c"},
]
"pygments 2.12.0" = [
    {file = "Pygments-2.12.0-py3-none-any.whl", hash = "sha256:dc9c10fb40944260f6ed4c688ece0cd2048414940f1cea51b8b226318411c519"},
    {file = "Pygments-2.12.0.tar.gz", hash = "sha256:5eb116118f9612ff1ee89ac96437bb6b49e8f04d8a13b514ba26f620208e26eb"},
]
"pyjwt 2.4.0" = [
    {file = "PyJWT-2.4.0-py3-none-any.whl", hash = "sha256:72d1d253f32dbd4f5c88eaf1fdc62f3a19f676ccbadb9dbc5d07e951b2b26daf"},
    {file = "PyJWT-2.4.0.tar.gz", hash = "sha256:d42908208c699b3b973cbeb01a969ba6a96c821eefb1c5bfe4c390c01d67abba"},
]
"pytz 2022.1" = [
    {file = "pytz-2022.1-py2.py3-none-any.whl", hash = "sha256:e68985985296d9a66a881eb3193b0906246245294a881e7c8afe623866ac6a5c"},
    {file = "pytz-2022.1.tar.gz", hash = "sha256:1e760e2fe6a8163bc0b3d9a19c4f84342afa0a2affebfaa84b01b978a02ecaa7"},
]
"setuptools 62.3.2" = [
    {file = "setuptools-62.3.2-py3-none-any.whl", hash = "sha256:68e45d17c9281ba25dc0104eadd2647172b3472d9e01f911efa57965e8d51a36"},
]
"six 1.16.0" = [
    {file = "six-1.16.0-py2.py3-none-any.whl", hash = "sha256:8abb2f1d86890a2dfb989f9a77cfcfd3e47c2a354b01111771326f8aa26e0254"},
    {file = "six-1.16.0.tar.gz", hash = "sha256:1e61c37477a1626458e36f7b1d82aa5c9b094fa4802892072e49de9c60c4c926"},
]
"sqlparse 0.4.2" = [
    {file = "sqlparse-0.4.2-py3-none-any.whl", hash = "sha256:48719e356bb8b42991bdbb1e8b83223757b93789c00910a616a071910ca4a64d"},
    {file = "sqlparse-0.4.2.tar.gz", hash = "sha256:0c00730c74263a94e5a9919ade150dfc3b19c574389985446148402998287dae"},
]
"stack-data 0.2.0" = [
    {file = "stack_data-0.2.0-py3-none-any.whl", hash = "sha256:999762f9c3132308789affa03e9271bbbe947bf78311851f4d485d8402ed858e"},
    {file = "stack_data-0.2.0.tar.gz", hash = "sha256:45692d41bd633a9503a5195552df22b583caf16f0b27c4e58c98d88c8b648e12"},
]
"toml 0.10.2" = [
    {file = "toml-0.10.2-py2.py3-none-any.whl", hash = "sha256:806143ae5bfb6a3c6e736a764057db0e6a0e05e338b5630894a5f779cabb4f9b"},
    {file = "toml-0.10.2.tar.gz", hash = "sha256:b3bda1d108d5dd99f4a20d24d9c348e91c4db7ab1b749200bded2f839ccbe68f"},
]
"traitlets 5.2.1.post0" = [
    {file = "traitlets-5.2.1.post0-py3-none-any.whl", hash = "sha256:f44b708d33d98b0addb40c29d148a761f44af740603a8fd0e2f8b5b27cf0f087"},
    {file = "traitlets-5.2.1.post0.tar.gz", hash = "sha256:70815ecb20ec619d1af28910ade523383be13754283aef90528eb3d47b77c5db"},
]
"tzdata 2022.1" = [
    {file = "tzdata-2022.1-py2.py3-none-any.whl", hash = "sha256:238e70234214138ed7b4e8a0fab0e5e13872edab3be586ab8198c407620e2ab9"},
    {file = "tzdata-2022.1.tar.gz", hash = "sha256:8b536a8ec63dc0751342b3984193a3118f8fca2afe25752bb9b7fffd398552d3"},
]
"wcwidth 0.2.5" = [
    {file = "wcwidth-0.2.5-py2.py3-none-any.whl", hash = "sha256:beb4802a9cebb9144e99086eff703a642a13d6a0052920003a230f3294bbe784"},
    {file = "wcwidth-0.2.5.tar.gz", hash = "sha256:c4d647b99872929fdb7bdcaa4fbe7f01413ed3d98077df798530e5b04f116c83"},
]
